
Microsoft Visual Studio Solution File, Format Version 12.00
# Visual Studio Version 16
VisualStudioVersion = 16.0.31112.23
MinimumVisualStudioVersion = 10.0.40219.1
Project("{9A19103F-16F7-4668-BE54-9A1E7A4F7556}") = "ApiBase", "ApiBase\ApiBase.csproj", "{5C048C5D-C6E0-4C27-B42D-9F9ADD79147E}"
EndProject
Project("{2150E333-8FDC-42A3-9474-1A3956D46DE8}") = "Tracker.Location.API", "Tracker.Location.API", "{C24B3A19-7ED3-4311-A368-905FFF611957}"
EndProject
Project("{2150E333-8FDC-42A3-9474-1A3956D46DE8}") = "Tracker.Vehicle.API", "Tracker.Vehicle.API", "{F19052A5-565F-4177-B1A8-B5263FD0CE6D}"
EndProject
Project("{9A19103F-16F7-4668-BE54-9A1E7A4F7556}") = "Tracker.Location.DTO", "Tracker.Location.API\Tracker.Location.DTO\Tracker.Location.DTO.csproj", "{5A0A5CFB-88D0-4E94-A772-D2BD78A10C20}"
EndProject
Project("{9A19103F-16F7-4668-BE54-9A1E7A4F7556}") = "Tracker.Location.Service", "Tracker.Location.API\Tracker.Location.Service\Tracker.Location.Service.csproj", "{F29CCC2F-E19E-41B9-AE91-EA503AF35357}"
EndProject
Project("{9A19103F-16F7-4668-BE54-9A1E7A4F7556}") = "Tracker.Location.API", "Tracker.Location.API\Tracker.Location.API\Tracker.Location.API.csproj", "{681DB1DD-D565-4CF0-94BA-C68B09676A98}"
EndProject
Project("{9A19103F-16F7-4668-BE54-9A1E7A4F7556}") = "Tracker.Location.Data", "Tracker.Location.API\Tracker.Location.Data\Tracker.Location.Data.csproj", "{355530AE-5930-4B3D-AB65-0519AB1DB332}"
EndProject
Project("{9A19103F-16F7-4668-BE54-9A1E7A4F7556}") = "Tracker.Vehicle.API", "Tracker.Vehicle.API\Tracker.Vehicle.API\Tracker.Vehicle.API.csproj", "{97999985-49F0-4DDA-B830-2164FA2F1333}"
EndProject
Project("{9A19103F-16F7-4668-BE54-9A1E7A4F7556}") = "Tracker.Vehicle.Service", "Tracker.Vehicle.API\Tracker.Vehicle.Service\Tracker.Vehicle.Service.csproj", "{6B0E51A0-2EB6-4916-BF0B-6A200BC99562}"
EndProject
Project("{9A19103F-16F7-4668-BE54-9A1E7A4F7556}") = "Tracker.Vehicle.DTO", "Tracker.Vehicle.API\Tracker.Vehicle.DTO\Tracker.Vehicle.DTO.csproj", "{13718BD5-C686-4AF7-AE10-4AEF2AFBCE0A}"
EndProject
Project("{9A19103F-16F7-4668-BE54-9A1E7A4F7556}") = "Tracker.Vehicle.Data", "Tracker.Vehicle.API\Tracker.Vehicle.Data\Tracker.Vehicle.Data.csproj", "{D93ACC06-F762-4D70-898E-3D13BD584FDE}"
EndProject
Project("{2150E333-8FDC-42A3-9474-1A3956D46DE8}") = "Tracker.User.API", "Tracker.User.API", "{8DE0CF6E-E55E-4DDA-83CC-A8F353AB4625}"
EndProject
Project("{9A19103F-16F7-4668-BE54-9A1E7A4F7556}") = "Tracker.User.Data", "Tracker.User.API\Tracker.User.Data\Tracker.User.Data.csproj", "{C6D9B96F-606A-4E11-8E31-6545B238C2D9}"
EndProject
Project("{9A19103F-16F7-4668-BE54-9A1E7A4F7556}") = "Tracker.User.DTO", "Tracker.User.API\Tracker.User.DTO\Tracker.User.DTO.csproj", "{7D79582F-C02C-4418-9DE9-AEBBE0DE55F1}"
EndProject
Project("{9A19103F-16F7-4668-BE54-9A1E7A4F7556}") = "Tracker.User.Service", "Tracker.User.API\Tracker.User.Service\Tracker.User.Service.csproj", "{0E9584CE-76C8-4A21-922E-15CB9F2236FC}"
EndProject
Project("{9A19103F-16F7-4668-BE54-9A1E7A4F7556}") = "Tracker.User.API", "Tracker.User.API\Tracker.User.API\Tracker.User.API.csproj", "{9FEB6342-1212-46AF-9249-BAEE303924F3}"
EndProject
Project("{9A19103F-16F7-4668-BE54-9A1E7A4F7556}") = "Tracker.User.Service.Test", "Tracker.User.API\Tracker.User.Service.Test\Tracker.User.Service.Test.csproj", "{6709774B-E593-4C7B-A5DD-17A0F81AE122}"
EndProject
Global
	GlobalSection(SolutionConfigurationPlatforms) = preSolution
		Debug|Any CPU = Debug|Any CPU
		Release|Any CPU = Release|Any CPU
	EndGlobalSection
	GlobalSection(ProjectConfigurationPlatforms) = postSolution
		{5C048C5D-C6E0-4C27-B42D-9F9ADD79147E}.Debug|Any CPU.ActiveCfg = Debug|Any CPU
		{5C048C5D-C6E0-4C27-B42D-9F9ADD79147E}.Debug|Any CPU.Build.0 = Debug|Any CPU
		{5C048C5D-C6E0-4C27-B42D-9F9ADD79147E}.Release|Any CPU.ActiveCfg = Release|Any CPU
		{5C048C5D-C6E0-4C27-B42D-9F9ADD79147E}.Release|Any CPU.Build.0 = Release|Any CPU
		{5A0A5CFB-88D0-4E94-A772-D2BD78A10C20}.Debug|Any CPU.ActiveCfg = Debug|Any CPU
		{5A0A5CFB-88D0-4E94-A772-D2BD78A10C20}.Debug|Any CPU.Build.0 = Debug|Any CPU
		{5A0A5CFB-88D0-4E94-A772-D2BD78A10C20}.Release|Any CPU.ActiveCfg = Release|Any CPU
		{5A0A5CFB-88D0-4E94-A772-D2BD78A10C20}.Release|Any CPU.Build.0 = Release|Any CPU
		{F29CCC2F-E19E-41B9-AE91-EA503AF35357}.Debug|Any CPU.ActiveCfg = Debug|Any CPU
		{F29CCC2F-E19E-41B9-AE91-EA503AF35357}.Debug|Any CPU.Build.0 = Debug|Any CPU
		{F29CCC2F-E19E-41B9-AE91-EA503AF35357}.Release|Any CPU.ActiveCfg = Release|Any CPU
		{F29CCC2F-E19E-41B9-AE91-EA503AF35357}.Release|Any CPU.Build.0 = Release|Any CPU
		{681DB1DD-D565-4CF0-94BA-C68B09676A98}.Debug|Any CPU.ActiveCfg = Debug|Any CPU
		{681DB1DD-D565-4CF0-94BA-C68B09676A98}.Debug|Any CPU.Build.0 = Debug|Any CPU
		{681DB1DD-D565-4CF0-94BA-C68B09676A98}.Release|Any CPU.ActiveCfg = Release|Any CPU
		{681DB1DD-D565-4CF0-94BA-C68B09676A98}.Release|Any CPU.Build.0 = Release|Any CPU
		{355530AE-5930-4B3D-AB65-0519AB1DB332}.Debug|Any CPU.ActiveCfg = Debug|Any CPU
		{355530AE-5930-4B3D-AB65-0519AB1DB332}.Debug|Any CPU.Build.0 = Debug|Any CPU
		{355530AE-5930-4B3D-AB65-0519AB1DB332}.Release|Any CPU.ActiveCfg = Release|Any CPU
		{355530AE-5930-4B3D-AB65-0519AB1DB332}.Release|Any CPU.Build.0 = Release|Any CPU
		{97999985-49F0-4DDA-B830-2164FA2F1333}.Debug|Any CPU.ActiveCfg = Debug|Any CPU
		{97999985-49F0-4DDA-B830-2164FA2F1333}.Debug|Any CPU.Build.0 = Debug|Any CPU
		{97999985-49F0-4DDA-B830-2164FA2F1333}.Release|Any CPU.ActiveCfg = Release|Any CPU
		{97999985-49F0-4DDA-B830-2164FA2F1333}.Release|Any CPU.Build.0 = Release|Any CPU
		{6B0E51A0-2EB6-4916-BF0B-6A200BC99562}.Debug|Any CPU.ActiveCfg = Debug|Any CPU
		{6B0E51A0-2EB6-4916-BF0B-6A200BC99562}.Debug|Any CPU.Build.0 = Debug|Any CPU
		{6B0E51A0-2EB6-4916-BF0B-6A200BC99562}.Release|Any CPU.ActiveCfg = Release|Any CPU
		{6B0E51A0-2EB6-4916-BF0B-6A200BC99562}.Release|Any CPU.Build.0 = Release|Any CPU
		{13718BD5-C686-4AF7-AE10-4AEF2AFBCE0A}.Debug|Any CPU.ActiveCfg = Debug|Any CPU
		{13718BD5-C686-4AF7-AE10-4AEF2AFBCE0A}.Debug|Any CPU.Build.0 = Debug|Any CPU
		{13718BD5-C686-4AF7-AE10-4AEF2AFBCE0A}.Release|Any CPU.ActiveCfg = Release|Any CPU
		{13718BD5-C686-4AF7-AE10-4AEF2AFBCE0A}.Release|Any CPU.Build.0 = Release|Any CPU
		{D93ACC06-F762-4D70-898E-3D13BD584FDE}.Debug|Any CPU.ActiveCfg = Debug|Any CPU
		{D93ACC06-F762-4D70-898E-3D13BD584FDE}.Debug|Any CPU.Build.0 = Debug|Any CPU
		{D93ACC06-F762-4D70-898E-3D13BD584FDE}.Release|Any CPU.ActiveCfg = Release|Any CPU
		{D93ACC06-F762-4D70-898E-3D13BD584FDE}.Release|Any CPU.Build.0 = Release|Any CPU
		{C6D9B96F-606A-4E11-8E31-6545B238C2D9}.Debug|Any CPU.ActiveCfg = Debug|Any CPU
		{C6D9B96F-606A-4E11-8E31-6545B238C2D9}.Debug|Any CPU.Build.0 = Debug|Any CPU
		{C6D9B96F-606A-4E11-8E31-6545B238C2D9}.Release|Any CPU.ActiveCfg = Release|Any CPU
		{C6D9B96F-606A-4E11-8E31-6545B238C2D9}.Release|Any CPU.Build.0 = Release|Any CPU
		{7D79582F-C02C-4418-9DE9-AEBBE0DE55F1}.Debug|Any CPU.ActiveCfg = Debug|Any CPU
		{7D79582F-C02C-4418-9DE9-AEBBE0DE55F1}.Debug|Any CPU.Build.0 = Debug|Any CPU
		{7D79582F-C02C-4418-9DE9-AEBBE0DE55F1}.Release|Any CPU.ActiveCfg = Release|Any CPU
		{7D79582F-C02C-4418-9DE9-AEBBE0DE55F1}.Release|Any CPU.Build.0 = Release|Any CPU
		{0E9584CE-76C8-4A21-922E-15CB9F2236FC}.Debug|Any CPU.ActiveCfg = Debug|Any CPU
		{0E9584CE-76C8-4A21-922E-15CB9F2236FC}.Debug|Any CPU.Build.0 = Debug|Any CPU
		{0E9584CE-76C8-4A21-922E-15CB9F2236FC}.Release|Any CPU.ActiveCfg = Release|Any CPU
		{0E9584CE-76C8-4A21-922E-15CB9F2236FC}.Release|Any CPU.Build.0 = Release|Any CPU
		{9FEB6342-1212-46AF-9249-BAEE303924F3}.Debug|Any CPU.ActiveCfg = Debug|Any CPU
		{9FEB6342-1212-46AF-9249-BAEE303924F3}.Debug|Any CPU.Build.0 = Debug|Any CPU
		{9FEB6342-1212-46AF-9249-BAEE303924F3}.Release|Any CPU.ActiveCfg = Release|Any CPU
		{9FEB6342-1212-46AF-9249-BAEE303924F3}.Release|Any CPU.Build.0 = Release|Any CPU
		{6709774B-E593-4C7B-A5DD-17A0F81AE122}.Debug|Any CPU.ActiveCfg = Debug|Any CPU
		{6709774B-E593-4C7B-A5DD-17A0F81AE122}.Debug|Any CPU.Build.0 = Debug|Any CPU
		{6709774B-E593-4C7B-A5DD-17A0F81AE122}.Release|Any CPU.ActiveCfg = Release|Any CPU
		{6709774B-E593-4C7B-A5DD-17A0F81AE122}.Release|Any CPU.Build.0 = Release|Any CPU
	EndGlobalSection
	GlobalSection(SolutionProperties) = preSolution
		HideSolutionNode = FALSE
	EndGlobalSection
	GlobalSection(NestedProjects) = preSolution
		{5A0A5CFB-88D0-4E94-A772-D2BD78A10C20} = {C24B3A19-7ED3-4311-A368-905FFF611957}
		{F29CCC2F-E19E-41B9-AE91-EA503AF35357} = {C24B3A19-7ED3-4311-A368-905FFF611957}
		{681DB1DD-D565-4CF0-94BA-C68B09676A98} = {C24B3A19-7ED3-4311-A368-905FFF611957}
		{355530AE-5930-4B3D-AB65-0519AB1DB332} = {C24B3A19-7ED3-4311-A368-905FFF611957}
		{97999985-49F0-4DDA-B830-2164FA2F1333} = {F19052A5-565F-4177-B1A8-B5263FD0CE6D}
		{6B0E51A0-2EB6-4916-BF0B-6A200BC99562} = {F19052A5-565F-4177-B1A8-B5263FD0CE6D}
		{13718BD5-C686-4AF7-AE10-4AEF2AFBCE0A} = {F19052A5-565F-4177-B1A8-B5263FD0CE6D}
		{D93ACC06-F762-4D70-898E-3D13BD584FDE} = {F19052A5-565F-4177-B1A8-B5263FD0CE6D}
		{C6D9B96F-606A-4E11-8E31-6545B238C2D9} = {8DE0CF6E-E55E-4DDA-83CC-A8F353AB4625}
		{7D79582F-C02C-4418-9DE9-AEBBE0DE55F1} = {8DE0CF6E-E55E-4DDA-83CC-A8F353AB4625}
		{0E9584CE-76C8-4A21-922E-15CB9F2236FC} = {8DE0CF6E-E55E-4DDA-83CC-A8F353AB4625}
		{9FEB6342-1212-46AF-9249-BAEE303924F3} = {8DE0CF6E-E55E-4DDA-83CC-A8F353AB4625}
		{6709774B-E593-4C7B-A5DD-17A0F81AE122} = {8DE0CF6E-E55E-4DDA-83CC-A8F353AB4625}
	EndGlobalSection
	GlobalSection(ExtensibilityGlobals) = postSolution
		SolutionGuid = {4291ED55-3588-4503-B2F6-11B613FD041B}
	EndGlobalSection
EndGlobal
